
Microsoft Visual Studio Solution File, Format Version 12.00
# Visual Studio Version 17
VisualStudioVersion = 17.6.33829.357
MinimumVisualStudioVersion = 10.0.40219.1
Project("{FAE04EC0-301F-11D3-BF4B-00C04F79EFBC}") = "24CV WEB", "24CV WEB\24CV WEB.csproj", "{FEA8164D-F935-415C-9642-EE2069EE1104}"
EndProject
Global
	GlobalSection(SolutionConfigurationPlatforms) = preSolution
		Debug|Any CPU = Debug|Any CPU
		Release|Any CPU = Release|Any CPU
	EndGlobalSection
	GlobalSection(ProjectConfigurationPlatforms) = postSolution
		{FEA8164D-F935-415C-9642-EE2069EE1104}.Debug|Any CPU.ActiveCfg = Debug|Any CPU
		{FEA8164D-F935-415C-9642-EE2069EE1104}.Debug|Any CPU.Build.0 = Debug|Any CPU
		{FEA8164D-F935-415C-9642-EE2069EE1104}.Release|Any CPU.ActiveCfg = Release|Any CPU
		{FEA8164D-F935-415C-9642-EE2069EE1104}.Release|Any CPU.Build.0 = Release|Any CPU
	EndGlobalSection
	GlobalSection(SolutionProperties) = preSolution
		HideSolutionNode = FALSE
	EndGlobalSection
	GlobalSection(ExtensibilityGlobals) = postSolution
		SolutionGuid = {906DA77A-FAB9-4AEF-863E-BFAC125F18C2}
	EndGlobalSection
EndGlobal
